// !$*UTF8*$!
{
	archiveVersion = 1;
	classes = {
	};
	objectVersion = 56;
	objects = {

/* Begin PBXBuildFile section */
		04CAEF9D29B3C34C00A4FB62 /* SideMenuSwiftUIApp.swift in Sources */ = {isa = PBXBuildFile; fileRef = 04CAEF9C29B3C34C00A4FB62 /* SideMenuSwiftUIApp.swift */; };
		04CAEF9F29B3C34C00A4FB62 /* MainTabbedView.swift in Sources */ = {isa = PBXBuildFile; fileRef = 04CAEF9E29B3C34C00A4FB62 /* MainTabbedView.swift */; };
		04CAEFA129B3C34E00A4FB62 /* Assets.xcassets in Resources */ = {isa = PBXBuildFile; fileRef = 04CAEFA029B3C34E00A4FB62 /* Assets.xcassets */; };
		04CAEFA429B3C34E00A4FB62 /* Preview Assets.xcassets in Resources */ = {isa = PBXBuildFile; fileRef = 04CAEFA329B3C34E00A4FB62 /* Preview Assets.xcassets */; };
		04CAEFAD29B3C36700A4FB62 /* SideMenuView.swift in Sources */ = {isa = PBXBuildFile; fileRef = 04CAEFAB29B3C36700A4FB62 /* SideMenuView.swift */; };
		04CAEFAE29B3C36700A4FB62 /* SideMenu.swift in Sources */ = {isa = PBXBuildFile; fileRef = 04CAEFAC29B3C36700A4FB62 /* SideMenu.swift */; };
		04CAEFB129B3C82200A4FB62 /* HomeView.swift in Sources */ = {isa = PBXBuildFile; fileRef = 04CAEFB029B3C82200A4FB62 /* HomeView.swift */; };
		04CAEFB329B3C82E00A4FB62 /* FavoriteView.swift in Sources */ = {isa = PBXBuildFile; fileRef = 04CAEFB229B3C82E00A4FB62 /* FavoriteView.swift */; };
		04CAEFB529B3C83600A4FB62 /* ChatView.swift in Sources */ = {isa = PBXBuildFile; fileRef = 04CAEFB429B3C83600A4FB62 /* ChatView.swift */; };
		04CAEFB729B3C83F00A4FB62 /* ProfileView.swift in Sources */ = {isa = PBXBuildFile; fileRef = 04CAEFB629B3C83F00A4FB62 /* ProfileView.swift */; };
/* End PBXBuildFile section */

/* Begin PBXFileReference section */
		04CAEF9929B3C34C00A4FB62 /* SideMenuSwiftUI.app */ = {isa = PBXFileReference; explicitFileType = wrapper.application; includeInIndex = 0; path = SideMenuSwiftUI.app; sourceTree = BUILT_PRODUCTS_DIR; };
		04CAEF9C29B3C34C00A4FB62 /* SideMenuSwiftUIApp.swift */ = {isa = PBXFileReference; lastKnownFileType = sourcecode.swift; path = SideMenuSwiftUIApp.swift; sourceTree = "<group>"; };
		04CAEF9E29B3C34C00A4FB62 /* MainTabbedView.swift */ = {isa = PBXFileReference; lastKnownFileType = sourcecode.swift; path = MainTabbedView.swift; sourceTree = "<group>"; };
		04CAEFA029B3C34E00A4FB62 /* Assets.xcassets */ = {isa = PBXFileReference; lastKnownFileType = folder.assetcatalog; path = Assets.xcassets; sourceTree = "<group>"; };
		04CAEFA329B3C34E00A4FB62 /* Preview Assets.xcassets */ = {isa = PBXFileReference; lastKnownFileType = folder.assetcatalog; path = "Preview Assets.xcassets"; sourceTree = "<group>"; };
		04CAEFAB29B3C36700A4FB62 /* SideMenuView.swift */ = {isa = PBXFileReference; fileEncoding = 4; lastKnownFileType = sourcecode.swift; path = SideMenuView.swift; sourceTree = "<group>"; };
		04CAEFAC29B3C36700A4FB62 /* SideMenu.swift */ = {isa = PBXFileReference; fileEncoding = 4; lastKnownFileType = sourcecode.swift; path = SideMenu.swift; sourceTree = "<group>"; };
		04CAEFB029B3C82200A4FB62 /* HomeView.swift */ = {isa = PBXFileReference; lastKnownFileType = sourcecode.swift; path = HomeView.swift; sourceTree = "<group>"; };
		04CAEFB229B3C82E00A4FB62 /* FavoriteView.swift */ = {isa = PBXFileReference; lastKnownFileType = sourcecode.swift; path = FavoriteView.swift; sourceTree = "<group>"; };
		04CAEFB429B3C83600A4FB62 /* ChatView.swift */ = {isa = PBXFileReference; lastKnownFileType = sourcecode.swift; path = ChatView.swift; sourceTree = "<group>"; };
		04CAEFB629B3C83F00A4FB62 /* ProfileView.swift */ = {isa = PBXFileReference; lastKnownFileType = sourcecode.swift; path = ProfileView.swift; sourceTree = "<group>"; };
/* End PBXFileReference section */

/* Begin PBXFrameworksBuildPhase section */
		04CAEF9629B3C34C00A4FB62 /* Frameworks */ = {
			isa = PBXFrameworksBuildPhase;
			buildActionMask = 2147483647;
			files = (
			);
			runOnlyForDeploymentPostprocessing = 0;
		};
/* End PBXFrameworksBuildPhase section */

/* Begin PBXGroup section */
		04CAEF9029B3C34C00A4FB62 = {
			isa = PBXGroup;
			children = (
				04CAEF9B29B3C34C00A4FB62 /* SideMenuSwiftUI */,
				04CAEF9A29B3C34C00A4FB62 /* Products */,
			);
			sourceTree = "<group>";
		};
		04CAEF9A29B3C34C00A4FB62 /* Products */ = {
			isa = PBXGroup;
			children = (
				04CAEF9929B3C34C00A4FB62 /* SideMenuSwiftUI.app */,
			);
			name = Products;
			sourceTree = "<group>";
		};
		04CAEF9B29B3C34C00A4FB62 /* SideMenuSwiftUI */ = {
			isa = PBXGroup;
			children = (
				04CAEF9C29B3C34C00A4FB62 /* SideMenuSwiftUIApp.swift */,
				04CAEF9E29B3C34C00A4FB62 /* MainTabbedView.swift */,
				04CAEFA029B3C34E00A4FB62 /* Assets.xcassets */,
				04CAEFAF29B3C81400A4FB62 /* Main */,
				04CAEFAA29B3C36700A4FB62 /* SideMenu */,
				04CAEFA229B3C34E00A4FB62 /* Preview Content */,
			);
			path = SideMenuSwiftUI;
			sourceTree = "<group>";
		};
		04CAEFA229B3C34E00A4FB62 /* Preview Content */ = {
			isa = PBXGroup;
			children = (
				04CAEFA329B3C34E00A4FB62 /* Preview Assets.xcassets */,
			);
			path = "Preview Content";
			sourceTree = "<group>";
		};
		04CAEFAA29B3C36700A4FB62 /* SideMenu */ = {
			isa = PBXGroup;
			children = (
				04CAEFAC29B3C36700A4FB62 /* SideMenu.swift */,
				04CAEFAB29B3C36700A4FB62 /* SideMenuView.swift */,
			);
			path = SideMenu;
			sourceTree = "<group>";
		};
		04CAEFAF29B3C81400A4FB62 /* Main */ = {
			isa = PBXGroup;
			children = (
				04CAEFB029B3C82200A4FB62 /* HomeView.swift */,
				04CAEFB229B3C82E00A4FB62 /* FavoriteView.swift */,
				04CAEFB429B3C83600A4FB62 /* ChatView.swift */,
				04CAEFB629B3C83F00A4FB62 /* ProfileView.swift */,
			);
			path = Main;
			sourceTree = "<group>";
		};
/* End PBXGroup section */

/* Begin PBXNativeTarget section */
		04CAEF9829B3C34C00A4FB62 /* SideMenuSwiftUI */ = {
			isa = PBXNativeTarget;
			buildConfigurationList = 04CAEFA729B3C34E00A4FB62 /* Build configuration list for PBXNativeTarget "SideMenuSwiftUI" */;
			buildPhases = (
				04CAEF9529B3C34C00A4FB62 /* Sources */,
				04CAEF9629B3C34C00A4FB62 /* Frameworks */,
				04CAEF9729B3C34C00A4FB62 /* Resources */,
			);
			buildRules = (
			);
			dependencies = (
			);
			name = SideMenuSwiftUI;
			productName = SideMenuSwiftUI;
			productReference = 04CAEF9929B3C34C00A4FB62 /* SideMenuSwiftUI.app */;
			productType = "com.apple.product-type.application";
		};
/* End PBXNativeTarget section */

/* Begin PBXProject section */
		04CAEF9129B3C34C00A4FB62 /* Project object */ = {
			isa = PBXProject;
			attributes = {
				BuildIndependentTargetsInParallel = 1;
				LastSwiftUpdateCheck = 1420;
				LastUpgradeCheck = 1420;
				TargetAttributes = {
					04CAEF9829B3C34C00A4FB62 = {
						CreatedOnToolsVersion = 14.2;
					};
				};
			};
			buildConfigurationList = 04CAEF9429B3C34C00A4FB62 /* Build configuration list for PBXProject "SideMenuSwiftUI" */;
			compatibilityVersion = "Xcode 14.0";
			developmentRegion = en;
			hasScannedForEncodings = 0;
			knownRegions = (
				en,
				Base,
			);
			mainGroup = 04CAEF9029B3C34C00A4FB62;
			productRefGroup = 04CAEF9A29B3C34C00A4FB62 /* Products */;
			projectDirPath = "";
			projectRoot = "";
			targets = (
				04CAEF9829B3C34C00A4FB62 /* SideMenuSwiftUI */,
			);
		};
/* End PBXProject section */

/* Begin PBXResourcesBuildPhase section */
		04CAEF9729B3C34C00A4FB62 /* Resources */ = {
			isa = PBXResourcesBuildPhase;
			buildActionMask = 2147483647;
			files = (
				04CAEFA429B3C34E00A4FB62 /* Preview Assets.xcassets in Resources */,
				04CAEFA129B3C34E00A4FB62 /* Assets.xcassets in Resources */,
			);
			runOnlyForDeploymentPostprocessing = 0;
		};
/* End PBXResourcesBuildPhase section */

/* Begin PBXSourcesBuildPhase section */
		04CAEF9529B3C34C00A4FB62 /* Sources */ = {
			isa = PBXSourcesBuildPhase;
			buildActionMask = 2147483647;
			files = (
				04CAEFB729B3C83F00A4FB62 /* ProfileView.swift in Sources */,
				04CAEFAD29B3C36700A4FB62 /* SideMenuView.swift in Sources */,
				04CAEF9F29B3C34C00A4FB62 /* MainTabbedView.swift in Sources */,
				04CAEF9D29B3C34C00A4FB62 /* SideMenuSwiftUIApp.swift in Sources */,
				04CAEFB129B3C82200A4FB62 /* HomeView.swift in Sources */,
				04CAEFB529B3C83600A4FB62 /* ChatView.swift in Sources */,
				04CAEFB329B3C82E00A4FB62 /* FavoriteView.swift in Sources */,
				04CAEFAE29B3C36700A4FB62 /* SideMenu.swift in Sources */,
			);
			runOnlyForDeploymentPostprocessing = 0;
		};
/* End PBXSourcesBuildPhase section */

/* Begin XCBuildConfiguration section */
		04CAEFA529B3C34E00A4FB62 /* Debug */ = {
			isa = XCBuildConfiguration;
			buildSettings = {
				ALWAYS_SEARCH_USER_PATHS = NO;
				CLANG_ANALYZER_NONNULL = YES;
				CLANG_ANALYZER_NUMBER_OBJECT_CONVERSION = YES_AGGRESSIVE;
				CLANG_CXX_LANGUAGE_STANDARD = "gnu++20";
				CLANG_ENABLE_MODULES = YES;
				CLANG_ENABLE_OBJC_ARC = YES;
				CLANG_ENABLE_OBJC_WEAK = YES;
				CLANG_WARN_BLOCK_CAPTURE_AUTORELEASING = YES;
				CLANG_WARN_BOOL_CONVERSION = YES;
				CLANG_WARN_COMMA = YES;
				CLANG_WARN_CONSTANT_CONVERSION = YES;
				CLANG_WARN_DEPRECATED_OBJC_IMPLEMENTATIONS = YES;
				CLANG_WARN_DIRECT_OBJC_ISA_USAGE = YES_ERROR;
				CLANG_WARN_DOCUMENTATION_COMMENTS = YES;
				CLANG_WARN_EMPTY_BODY = YES;
				CLANG_WARN_ENUM_CONVERSION = YES;
				CLANG_WARN_INFINITE_RECURSION = YES;
				CLANG_WARN_INT_CONVERSION = YES;
				CLANG_WARN_NON_LITERAL_NULL_CONVERSION = YES;
				CLANG_WARN_OBJC_IMPLICIT_RETAIN_SELF = YES;
				CLANG_WARN_OBJC_LITERAL_CONVERSION = YES;
				CLANG_WARN_OBJC_ROOT_CLASS = YES_ERROR;
				CLANG_WARN_QUOTED_INCLUDE_IN_FRAMEWORK_HEADER = YES;
				CLANG_WARN_RANGE_LOOP_ANALYSIS = YES;
				CLANG_WARN_STRICT_PROTOTYPES = YES;
				CLANG_WARN_SUSPICIOUS_MOVE = YES;
				CLANG_WARN_UNGUARDED_AVAILABILITY = YES_AGGRESSIVE;
				CLANG_WARN_UNREACHABLE_CODE = YES;
				CLANG_WARN__DUPLICATE_METHOD_MATCH = YES;
				COPY_PHASE_STRIP = NO;
				DEBUG_INFORMATION_FORMAT = dwarf;
				ENABLE_STRICT_OBJC_MSGSEND = YES;
				ENABLE_TESTABILITY = YES;
				GCC_C_LANGUAGE_STANDARD = gnu11;
				GCC_DYNAMIC_NO_PIC = NO;
				GCC_NO_COMMON_BLOCKS = YES;
				GCC_OPTIMIZATION_LEVEL = 0;
				GCC_PREPROCESSOR_DEFINITIONS = (
					"DEBUG=1",
					"$(inherited)",
				);
				GCC_WARN_64_TO_32_BIT_CONVERSION = YES;
				GCC_WARN_ABOUT_RETURN_TYPE = YES_ERROR;
				GCC_WARN_UNDECLARED_SELECTOR = YES;
				GCC_WARN_UNINITIALIZED_AUTOS = YES_AGGRESSIVE;
				GCC_WARN_UNUSED_FUNCTION = YES;
				GCC_WARN_UNUSED_VARIABLE = YES;
				IPHONEOS_DEPLOYMENT_TARGET = 16.2;
				MTL_ENABLE_DEBUG_INFO = INCLUDE_SOURCE;
				MTL_FAST_MATH = YES;
				ONLY_ACTIVE_ARCH = YES;
				SDKROOT = iphoneos;
				SWIFT_ACTIVE_COMPILATION_CONDITIONS = DEBUG;
				SWIFT_OPTIMIZATION_LEVEL = "-Onone";
			};
			name = Debug;
		};
		04CAEFA629B3C34E00A4FB62 /* Release */ = {
			isa = XCBuildConfiguration;
			buildSettings = {
				ALWAYS_SEARCH_USER_PATHS = NO;
				CLANG_ANALYZER_NONNULL = YES;
				CLANG_ANALYZER_NUMBER_OBJECT_CONVERSION = YES_AGGRESSIVE;
				CLANG_CXX_LANGUAGE_STANDARD = "gnu++20";
				CLANG_ENABLE_MODULES = YES;
				CLANG_ENABLE_OBJC_ARC = YES;
				CLANG_ENABLE_OBJC_WEAK = YES;
				CLANG_WARN_BLOCK_CAPTURE_AUTORELEASING = YES;
				CLANG_WARN_BOOL_CONVERSION = YES;
				CLANG_WARN_COMMA = YES;
				CLANG_WARN_CONSTANT_CONVERSION = YES;
				CLANG_WARN_DEPRECATED_OBJC_IMPLEMENTATIONS = YES;
				CLANG_WARN_DIRECT_OBJC_ISA_USAGE = YES_ERROR;
				CLANG_WARN_DOCUMENTATION_COMMENTS = YES;
				CLANG_WARN_EMPTY_BODY = YES;
				CLANG_WARN_ENUM_CONVERSION = YES;
				CLANG_WARN_INFINITE_RECURSION = YES;
				CLANG_WARN_INT_CONVERSION = YES;
				CLANG_WARN_NON_LITERAL_NULL_CONVERSION = YES;
				CLANG_WARN_OBJC_IMPLICIT_RETAIN_SELF = YES;
				CLANG_WARN_OBJC_LITERAL_CONVERSION = YES;
				CLANG_WARN_OBJC_ROOT_CLASS = YES_ERROR;
				CLANG_WARN_QUOTED_INCLUDE_IN_FRAMEWORK_HEADER = YES;
				CLANG_WARN_RANGE_LOOP_ANALYSIS = YES;
				CLANG_WARN_STRICT_PROTOTYPES = YES;
				CLANG_WARN_SUSPICIOUS_MOVE = YES;
				CLANG_WARN_UNGUARDED_AVAILABILITY = YES_AGGRESSIVE;
				CLANG_WARN_UNREACHABLE_CODE = YES;
				CLANG_WARN__DUPLICATE_METHOD_MATCH = YES;
				COPY_PHASE_STRIP = NO;
				DEBUG_INFORMATION_FORMAT = "dwarf-with-dsym";
				ENABLE_NS_ASSERTIONS = NO;
				ENABLE_STRICT_OBJC_MSGSEND = YES;
				GCC_C_LANGUAGE_STANDARD = gnu11;
				GCC_NO_COMMON_BLOCKS = YES;
				GCC_WARN_64_TO_32_BIT_CONVERSION = YES;
				GCC_WARN_ABOUT_RETURN_TYPE = YES_ERROR;
				GCC_WARN_UNDECLARED_SELECTOR = YES;
				GCC_WARN_UNINITIALIZED_AUTOS = YES_AGGRESSIVE;
				GCC_WARN_UNUSED_FUNCTION = YES;
				GCC_WARN_UNUSED_VARIABLE = YES;
				IPHONEOS_DEPLOYMENT_TARGET = 16.2;
				MTL_ENABLE_DEBUG_INFO = NO;
				MTL_FAST_MATH = YES;
				SDKROOT = iphoneos;
				SWIFT_COMPILATION_MODE = wholemodule;
				SWIFT_OPTIMIZATION_LEVEL = "-O";
				VALIDATE_PRODUCT = YES;
			};
			name = Release;
		};
		04CAEFA829B3C34E00A4FB62 /* Debug */ = {
			isa = XCBuildConfiguration;
			buildSettings = {
				ASSETCATALOG_COMPILER_APPICON_NAME = AppIcon;
				ASSETCATALOG_COMPILER_GLOBAL_ACCENT_COLOR_NAME = AccentColor;
				CODE_SIGN_STYLE = Automatic;
				CURRENT_PROJECT_VERSION = 1;
				DEVELOPMENT_ASSET_PATHS = "\"SideMenuSwiftUI/Preview Content\"";
				DEVELOPMENT_TEAM = Y8SG9VYDP5;
				ENABLE_PREVIEWS = YES;
				GENERATE_INFOPLIST_FILE = YES;
				INFOPLIST_KEY_UIApplicationSceneManifest_Generation = YES;
				INFOPLIST_KEY_UIApplicationSupportsIndirectInputEvents = YES;
				INFOPLIST_KEY_UILaunchScreen_Generation = YES;
				INFOPLIST_KEY_UISupportedInterfaceOrientations_iPad = "UIInterfaceOrientationPortrait UIInterfaceOrientationPortraitUpsideDown UIInterfaceOrientationLandscapeLeft UIInterfaceOrientationLandscapeRight";
				INFOPLIST_KEY_UISupportedInterfaceOrientations_iPhone = "UIInterfaceOrientationPortrait UIInterfaceOrientationLandscapeLeft UIInterfaceOrientationLandscapeRight";
				LD_RUNPATH_SEARCH_PATHS = (
					"$(inherited)",
					"@executable_path/Frameworks",
				);
				MARKETING_VERSION = 1.0;
				PRODUCT_BUNDLE_IDENTIFIER = com.abbas.SideMenuSwiftUI;
				PRODUCT_NAME = "$(TARGET_NAME)";
				SWIFT_EMIT_LOC_STRINGS = YES;
				SWIFT_VERSION = 5.0;
				TARGETED_DEVICE_FAMILY = "1,2";
			};
			name = Debug;
		};
		04CAEFA929B3C34E00A4FB62 /* Release */ = {
			isa = XCBuildConfiguration;
			buildSettings = {
				ASSETCATALOG_COMPILER_APPICON_NAME = AppIcon;
				ASSETCATALOG_COMPILER_GLOBAL_ACCENT_COLOR_NAME = AccentColor;
				CODE_SIGN_STYLE = Automatic;
				CURRENT_PROJECT_VERSION = 1;
				DEVELOPMENT_ASSET_PATHS = "\"SideMenuSwiftUI/Preview Content\"";
				DEVELOPMENT_TEAM = Y8SG9VYDP5;
				ENABLE_PREVIEWS = YES;
				GENERATE_INFOPLIST_FILE = YES;
				INFOPLIST_KEY_UIApplicationSceneManifest_Generation = YES;
				INFOPLIST_KEY_UIApplicationSupportsIndirectInputEvents = YES;
				INFOPLIST_KEY_UILaunchScreen_Generation = YES;
				INFOPLIST_KEY_UISupportedInterfaceOrientations_iPad = "UIInterfaceOrientationPortrait UIInterfaceOrientationPortraitUpsideDown UIInterfaceOrientationLandscapeLeft UIInterfaceOrientationLandscapeRight";
				INFOPLIST_KEY_UISupportedInterfaceOrientations_iPhone = "UIInterfaceOrientationPortrait UIInterfaceOrientationLandscapeLeft UIInterfaceOrientationLandscapeRight";
				LD_RUNPATH_SEARCH_PATHS = (
					"$(inherited)",
					"@executable_path/Frameworks",
				);
				MARKETING_VERSION = 1.0;
				PRODUCT_BUNDLE_IDENTIFIER = com.abbas.SideMenuSwiftUI;
				PRODUCT_NAME = "$(TARGET_NAME)";
				SWIFT_EMIT_LOC_STRINGS = YES;
				SWIFT_VERSION = 5.0;
				TARGETED_DEVICE_FAMILY = "1,2";
			};
			name = Release;
		};
/* End XCBuildConfiguration section */

/* Begin XCConfigurationList section */
		04CAEF9429B3C34C00A4FB62 /* Build configuration list for PBXProject "SideMenuSwiftUI" */ = {
			isa = XCConfigurationList;
			buildConfigurations = (
				04CAEFA529B3C34E00A4FB62 /* Debug */,
				04CAEFA629B3C34E00A4FB62 /* Release */,
			);
			defaultConfigurationIsVisible = 0;
			defaultConfigurationName = Release;
		};
		04CAEFA729B3C34E00A4FB62 /* Build configuration list for PBXNativeTarget "SideMenuSwiftUI" */ = {
			isa = XCConfigurationList;
			buildConfigurations = (
				04CAEFA829B3C34E00A4FB62 /* Debug */,
				04CAEFA929B3C34E00A4FB62 /* Release */,
			);
			defaultConfigurationIsVisible = 0;
			defaultConfigurationName = Release;
		};
/* End XCConfigurationList section */
	};
	rootObject = 04CAEF9129B3C34C00A4FB62 /* Project object */;
}
